
Microsoft Visual Studio Solution File, Format Version 12.00
# Visual Studio 15
Project("{FAE04EC0-301F-11D3-BF4B-00C04F79EFBC}") = "Voxel2.Config", "Voxel2.Config.csproj", "{5B8A5EC7-7175-5F13-847E-5453AB84B8AD}"
EndProject
Project("{FAE04EC0-301F-11D3-BF4B-00C04F79EFBC}") = "Voxel2.Runtime", "Voxel2.Runtime.csproj", "{DCC69085-5694-471B-4D44-9F4409A18C81}"
EndProject
Global
	GlobalSection(SolutionConfigurationPlatforms) = preSolution
		Debug|Any CPU = Debug|Any CPU
		Release|Any CPU = Release|Any CPU
	EndGlobalSection
	GlobalSection(ProjectConfigurationPlatforms) = postSolution
		{5B8A5EC7-7175-5F13-847E-5453AB84B8AD}.Debug|Any CPU.ActiveCfg = Debug|Any CPU
		{5B8A5EC7-7175-5F13-847E-5453AB84B8AD}.Debug|Any CPU.Build.0 = Debug|Any CPU
		{5B8A5EC7-7175-5F13-847E-5453AB84B8AD}.Release|Any CPU.ActiveCfg = Release|Any CPU
		{5B8A5EC7-7175-5F13-847E-5453AB84B8AD}.Release|Any CPU.Build.0 = Release|Any CPU
		{DCC69085-5694-471B-4D44-9F4409A18C81}.Debug|Any CPU.ActiveCfg = Debug|Any CPU
		{DCC69085-5694-471B-4D44-9F4409A18C81}.Debug|Any CPU.Build.0 = Debug|Any CPU
		{DCC69085-5694-471B-4D44-9F4409A18C81}.Release|Any CPU.ActiveCfg = Release|Any CPU
		{DCC69085-5694-471B-4D44-9F4409A18C81}.Release|Any CPU.Build.0 = Release|Any CPU
	EndGlobalSection
	GlobalSection(SolutionProperties) = preSolution
		HideSolutionNode = FALSE
	EndGlobalSection
EndGlobal
